
Microsoft Visual Studio Solution File, Format Version 12.00
# Visual Studio Version 17
VisualStudioVersion = 17.8.34330.188
MinimumVisualStudioVersion = 10.0.40219.1
Project("{FAE04EC0-301F-11D3-BF4B-00C04F79EFBC}") = "Aula01C#Fábrica", "Aula01C#Fábrica\Aula01C#Fábrica.csproj", "{712EE4C8-60F9-48C4-941D-86E22705A9AD}"
EndProject
Global
	GlobalSection(SolutionConfigurationPlatforms) = preSolution
		Debug|Any CPU = Debug|Any CPU
		Release|Any CPU = Release|Any CPU
	EndGlobalSection
	GlobalSection(ProjectConfigurationPlatforms) = postSolution
		{712EE4C8-60F9-48C4-941D-86E22705A9AD}.Debug|Any CPU.ActiveCfg = Debug|Any CPU
		{712EE4C8-60F9-48C4-941D-86E22705A9AD}.Debug|Any CPU.Build.0 = Debug|Any CPU
		{712EE4C8-60F9-48C4-941D-86E22705A9AD}.Release|Any CPU.ActiveCfg = Release|Any CPU
		{712EE4C8-60F9-48C4-941D-86E22705A9AD}.Release|Any CPU.Build.0 = Release|Any CPU
	EndGlobalSection
	GlobalSection(SolutionProperties) = preSolution
		HideSolutionNode = FALSE
	EndGlobalSection
	GlobalSection(ExtensibilityGlobals) = postSolution
		SolutionGuid = {2A8C6DAF-B3EE-4724-9A77-986F2E56C73F}
	EndGlobalSection
EndGlobal
